{
  "lockfileVersion": 1,
  "configVersion": 1,
  "workspaces": {
    "": {
      "name": "shell-dsl",
      "devDependencies": {
        "@types/bun": "latest",
        "memfs": "^4.56.10",
      },
      "peerDependencies": {
        "typescript": "^5",
      },
    },
  },
  "packages": {
    "@jsonjoy.com/base64": ["@jsonjoy.com/base64@1.1.2", "", { "peerDependencies": { "tslib": "2" } }, "sha512-q6XAnWQDIMA3+FTiOYajoYqySkO+JSat0ytXGSuRdq9uXE7o92gzuQwQM14xaCRlBLGq3v5miDGC4vkVTn54xA=="],

    "@jsonjoy.com/buffers": ["@jsonjoy.com/buffers@17.65.0", "", { "peerDependencies": { "tslib": "2" } }, "sha512-eBrIXd0/Ld3p9lpDDlMaMn6IEfWqtHMD+z61u0JrIiPzsV1r7m6xDZFRxJyvIFTEO+SWdYF9EiQbXZGd8BzPfA=="],

    "@jsonjoy.com/codegen": ["@jsonjoy.com/codegen@1.0.0", "", { "peerDependencies": { "tslib": "2" } }, "sha512-E8Oy+08cmCf0EK/NMxpaJZmOxPqM+6iSe2S4nlSBrPZOORoDJILxtbSUEDKQyTamm/BVAhIGllOBNU79/dwf0g=="],

    "@jsonjoy.com/fs-core": ["@jsonjoy.com/fs-core@4.56.10", "", { "dependencies": { "@jsonjoy.com/fs-node-builtins": "4.56.10", "@jsonjoy.com/fs-node-utils": "4.56.10", "thingies": "^2.5.0" }, "peerDependencies": { "tslib": "2" } }, "sha512-PyAEA/3cnHhsGcdY+AmIU+ZPqTuZkDhCXQ2wkXypdLitSpd6d5Ivxhnq4wa2ETRWFVJGabYynBWxIijOswSmOw=="],

    "@jsonjoy.com/fs-fsa": ["@jsonjoy.com/fs-fsa@4.56.10", "", { "dependencies": { "@jsonjoy.com/fs-core": "4.56.10", "@jsonjoy.com/fs-node-builtins": "4.56.10", "@jsonjoy.com/fs-node-utils": "4.56.10", "thingies": "^2.5.0" }, "peerDependencies": { "tslib": "2" } }, "sha512-/FVK63ysNzTPOnCCcPoPHt77TOmachdMS422txM4KhxddLdbW1fIbFMYH0AM0ow/YchCyS5gqEjKLNyv71j/5Q=="],

    "@jsonjoy.com/fs-node": ["@jsonjoy.com/fs-node@4.56.10", "", { "dependencies": { "@jsonjoy.com/fs-core": "4.56.10", "@jsonjoy.com/fs-node-builtins": "4.56.10", "@jsonjoy.com/fs-node-utils": "4.56.10", "@jsonjoy.com/fs-print": "4.56.10", "@jsonjoy.com/fs-snapshot": "4.56.10", "glob-to-regex.js": "^1.0.0", "thingies": "^2.5.0" }, "peerDependencies": { "tslib": "2" } }, "sha512-7R4Gv3tkUdW3dXfXiOkqxkElxKNVdd8BDOWC0/dbERd0pXpPY+s2s1Mino+aTvkGrFPiY+mmVxA7zhskm4Ue4Q=="],

    "@jsonjoy.com/fs-node-builtins": ["@jsonjoy.com/fs-node-builtins@4.56.10", "", { "peerDependencies": { "tslib": "2" } }, "sha512-uUnKz8R0YJyKq5jXpZtkGV9U0pJDt8hmYcLRrPjROheIfjMXsz82kXMgAA/qNg0wrZ1Kv+hrg7azqEZx6XZCVw=="],

    "@jsonjoy.com/fs-node-to-fsa": ["@jsonjoy.com/fs-node-to-fsa@4.56.10", "", { "dependencies": { "@jsonjoy.com/fs-fsa": "4.56.10", "@jsonjoy.com/fs-node-builtins": "4.56.10", "@jsonjoy.com/fs-node-utils": "4.56.10" }, "peerDependencies": { "tslib": "2" } }, "sha512-oH+O6Y4lhn9NyG6aEoFwIBNKZeYy66toP5LJcDOMBgL99BKQMUf/zWJspdRhMdn/3hbzQsZ8EHHsuekbFLGUWw=="],

    "@jsonjoy.com/fs-node-utils": ["@jsonjoy.com/fs-node-utils@4.56.10", "", { "dependencies": { "@jsonjoy.com/fs-node-builtins": "4.56.10" }, "peerDependencies": { "tslib": "2" } }, "sha512-8EuPBgVI2aDPwFdaNQeNpHsyqPi3rr+85tMNG/lHvQLiVjzoZsvxA//Xd8aB567LUhy4QS03ptT+unkD/DIsNg=="],

    "@jsonjoy.com/fs-print": ["@jsonjoy.com/fs-print@4.56.10", "", { "dependencies": { "@jsonjoy.com/fs-node-utils": "4.56.10", "tree-dump": "^1.1.0" }, "peerDependencies": { "tslib": "2" } }, "sha512-JW4fp5mAYepzFsSGrQ48ep8FXxpg4niFWHdF78wDrFGof7F3tKDJln72QFDEn/27M1yHd4v7sKHHVPh78aWcEw=="],

    "@jsonjoy.com/fs-snapshot": ["@jsonjoy.com/fs-snapshot@4.56.10", "", { "dependencies": { "@jsonjoy.com/buffers": "^17.65.0", "@jsonjoy.com/fs-node-utils": "4.56.10", "@jsonjoy.com/json-pack": "^17.65.0", "@jsonjoy.com/util": "^17.65.0" }, "peerDependencies": { "tslib": "2" } }, "sha512-DkR6l5fj7+qj0+fVKm/OOXMGfDFCGXLfyHkORH3DF8hxkpDgIHbhf/DwncBMs2igu/ST7OEkexn1gIqoU6Y+9g=="],

    "@jsonjoy.com/json-pack": ["@jsonjoy.com/json-pack@1.21.0", "", { "dependencies": { "@jsonjoy.com/base64": "^1.1.2", "@jsonjoy.com/buffers": "^1.2.0", "@jsonjoy.com/codegen": "^1.0.0", "@jsonjoy.com/json-pointer": "^1.0.2", "@jsonjoy.com/util": "^1.9.0", "hyperdyperid": "^1.2.0", "thingies": "^2.5.0", "tree-dump": "^1.1.0" }, "peerDependencies": { "tslib": "2" } }, "sha512-+AKG+R2cfZMShzrF2uQw34v3zbeDYUqnQ+jg7ORic3BGtfw9p/+N6RJbq/kkV8JmYZaINknaEQ2m0/f693ZPpg=="],

    "@jsonjoy.com/json-pointer": ["@jsonjoy.com/json-pointer@1.0.2", "", { "dependencies": { "@jsonjoy.com/codegen": "^1.0.0", "@jsonjoy.com/util": "^1.9.0" }, "peerDependencies": { "tslib": "2" } }, "sha512-Fsn6wM2zlDzY1U+v4Nc8bo3bVqgfNTGcn6dMgs6FjrEnt4ZCe60o6ByKRjOGlI2gow0aE/Q41QOigdTqkyK5fg=="],

    "@jsonjoy.com/util": ["@jsonjoy.com/util@1.9.0", "", { "dependencies": { "@jsonjoy.com/buffers": "^1.0.0", "@jsonjoy.com/codegen": "^1.0.0" }, "peerDependencies": { "tslib": "2" } }, "sha512-pLuQo+VPRnN8hfPqUTLTHk126wuYdXVxE6aDmjSeV4NCAgyxWbiOIeNJVtID3h1Vzpoi9m4jXezf73I6LgabgQ=="],

    "@types/bun": ["@types/bun@1.3.6", "", { "dependencies": { "bun-types": "1.3.6" } }, "sha512-uWCv6FO/8LcpREhenN1d1b6fcspAB+cefwD7uti8C8VffIv0Um08TKMn98FynpTiU38+y2dUO55T11NgDt8VAA=="],

    "@types/node": ["@types/node@25.0.10", "", { "dependencies": { "undici-types": "~7.16.0" } }, "sha512-zWW5KPngR/yvakJgGOmZ5vTBemDoSqF3AcV/LrO5u5wTWyEAVVh+IT39G4gtyAkh3CtTZs8aX/yRM82OfzHJRg=="],

    "bun-types": ["bun-types@1.3.6", "", { "dependencies": { "@types/node": "*" } }, "sha512-OlFwHcnNV99r//9v5IIOgQ9Uk37gZqrNMCcqEaExdkVq3Avwqok1bJFmvGMCkCE0FqzdY8VMOZpfpR3lwI+CsQ=="],

    "glob-to-regex.js": ["glob-to-regex.js@1.2.0", "", { "peerDependencies": { "tslib": "2" } }, "sha512-QMwlOQKU/IzqMUOAZWubUOT8Qft+Y0KQWnX9nK3ch0CJg0tTp4TvGZsTfudYKv2NzoQSyPcnA6TYeIQ3jGichQ=="],

    "hyperdyperid": ["hyperdyperid@1.2.0", "", {}, "sha512-Y93lCzHYgGWdrJ66yIktxiaGULYc6oGiABxhcO5AufBeOyoIdZF7bIfLaOrbM0iGIOXQQgxxRrFEnb+Y6w1n4A=="],

    "memfs": ["memfs@4.56.10", "", { "dependencies": { "@jsonjoy.com/fs-core": "4.56.10", "@jsonjoy.com/fs-fsa": "4.56.10", "@jsonjoy.com/fs-node": "4.56.10", "@jsonjoy.com/fs-node-builtins": "4.56.10", "@jsonjoy.com/fs-node-to-fsa": "4.56.10", "@jsonjoy.com/fs-node-utils": "4.56.10", "@jsonjoy.com/fs-print": "4.56.10", "@jsonjoy.com/fs-snapshot": "4.56.10", "@jsonjoy.com/json-pack": "^1.11.0", "@jsonjoy.com/util": "^1.9.0", "glob-to-regex.js": "^1.0.1", "thingies": "^2.5.0", "tree-dump": "^1.0.3", "tslib": "^2.0.0" } }, "sha512-eLvzyrwqLHnLYalJP7YZ3wBe79MXktMdfQbvMrVD80K+NhrIukCVBvgP30zTJYEEDh9hZ/ep9z0KOdD7FSHo7w=="],

    "thingies": ["thingies@2.5.0", "", { "peerDependencies": { "tslib": "^2" } }, "sha512-s+2Bwztg6PhWUD7XMfeYm5qliDdSiZm7M7n8KjTkIsm3l/2lgVRc2/Gx/v+ZX8lT4FMA+i8aQvhcWylldc+ZNw=="],

    "tree-dump": ["tree-dump@1.1.0", "", { "peerDependencies": { "tslib": "2" } }, "sha512-rMuvhU4MCDbcbnleZTFezWsaZXRFemSqAM+7jPnzUl1fo9w3YEKOxAeui0fz3OI4EU4hf23iyA7uQRVko+UaBA=="],

    "tslib": ["tslib@2.8.1", "", {}, "sha512-oJFu94HQb+KVduSUQL7wnpmqnfmLsOA/nAh6b6EH0wCEoK0/mPeXU6c3wKDV83MkOuHPRHtSXKKU99IBazS/2w=="],

    "typescript": ["typescript@5.9.3", "", { "bin": { "tsc": "bin/tsc", "tsserver": "bin/tsserver" } }, "sha512-jl1vZzPDinLr9eUt3J/t7V6FgNEw9QjvBPdysz9KfQDD41fQrC2Y4vKQdiaUpFT4bXlb1RHhLpp8wtm6M5TgSw=="],

    "undici-types": ["undici-types@7.16.0", "", {}, "sha512-Zz+aZWSj8LE6zoxD+xrjh4VfkIG8Ya6LvYkZqtUQGJPZjYl53ypCaUwWqo7eI0x66KBGeRo+mlBEkMSeSZ38Nw=="],

    "@jsonjoy.com/fs-snapshot/@jsonjoy.com/json-pack": ["@jsonjoy.com/json-pack@17.65.0", "", { "dependencies": { "@jsonjoy.com/base64": "17.65.0", "@jsonjoy.com/buffers": "17.65.0", "@jsonjoy.com/codegen": "17.65.0", "@jsonjoy.com/json-pointer": "17.65.0", "@jsonjoy.com/util": "17.65.0", "hyperdyperid": "^1.2.0", "thingies": "^2.5.0", "tree-dump": "^1.1.0" }, "peerDependencies": { "tslib": "2" } }, "sha512-e0SG/6qUCnVhHa0rjDJHgnXnbsacooHVqQHxspjvlYQSkHm+66wkHw6Gql+3u/WxI/b1VsOdUi0M+fOtkgKGdQ=="],

    "@jsonjoy.com/fs-snapshot/@jsonjoy.com/util": ["@jsonjoy.com/util@17.65.0", "", { "dependencies": { "@jsonjoy.com/buffers": "17.65.0", "@jsonjoy.com/codegen": "17.65.0" }, "peerDependencies": { "tslib": "2" } }, "sha512-cWiEHZccQORf96q2y6zU3wDeIVPeidmGqd9cNKJRYoVHTV0S1eHPy5JTbHpMnGfDvtvujQwQozOqgO9ABu6h0w=="],

    "@jsonjoy.com/json-pack/@jsonjoy.com/buffers": ["@jsonjoy.com/buffers@1.2.1", "", { "peerDependencies": { "tslib": "2" } }, "sha512-12cdlDwX4RUM3QxmUbVJWqZ/mrK6dFQH4Zxq6+r1YXKXYBNgZXndx2qbCJwh3+WWkCSn67IjnlG3XYTvmvYtgA=="],

    "@jsonjoy.com/util/@jsonjoy.com/buffers": ["@jsonjoy.com/buffers@1.2.1", "", { "peerDependencies": { "tslib": "2" } }, "sha512-12cdlDwX4RUM3QxmUbVJWqZ/mrK6dFQH4Zxq6+r1YXKXYBNgZXndx2qbCJwh3+WWkCSn67IjnlG3XYTvmvYtgA=="],

    "@jsonjoy.com/fs-snapshot/@jsonjoy.com/json-pack/@jsonjoy.com/base64": ["@jsonjoy.com/base64@17.65.0", "", { "peerDependencies": { "tslib": "2" } }, "sha512-Xrh7Fm/M0QAYpekSgmskdZYnFdSGnsxJ/tHaolA4bNwWdG9i65S8m83Meh7FOxyJyQAdo4d4J97NOomBLEfkDQ=="],

    "@jsonjoy.com/fs-snapshot/@jsonjoy.com/json-pack/@jsonjoy.com/codegen": ["@jsonjoy.com/codegen@17.65.0", "", { "peerDependencies": { "tslib": "2" } }, "sha512-7MXcRYe7n3BG+fo3jicvjB0+6ypl2Y/bQp79Sp7KeSiiCgLqw4Oled6chVv07/xLVTdo3qa1CD0VCCnPaw+RGA=="],

    "@jsonjoy.com/fs-snapshot/@jsonjoy.com/json-pack/@jsonjoy.com/json-pointer": ["@jsonjoy.com/json-pointer@17.65.0", "", { "dependencies": { "@jsonjoy.com/util": "17.65.0" }, "peerDependencies": { "tslib": "2" } }, "sha512-uhTe+XhlIZpWOxgPcnO+iSCDgKKBpwkDVTyYiXX9VayGV8HSFVJM67M6pUE71zdnXF1W0Da21AvnhlmdwYPpow=="],

    "@jsonjoy.com/fs-snapshot/@jsonjoy.com/util/@jsonjoy.com/codegen": ["@jsonjoy.com/codegen@17.65.0", "", { "peerDependencies": { "tslib": "2" } }, "sha512-7MXcRYe7n3BG+fo3jicvjB0+6ypl2Y/bQp79Sp7KeSiiCgLqw4Oled6chVv07/xLVTdo3qa1CD0VCCnPaw+RGA=="],
  }
}
